
Microsoft Visual Studio Solution File, Format Version 12.00
# Visual Studio Version 16
VisualStudioVersion = 16.0.33529.622
MinimumVisualStudioVersion = 10.0.40219.1
Project("{FAE04EC0-301F-11D3-BF4B-00C04F79EFBC}") = "DemoFilmesApi", "DemoFilmesApi.csproj", "{99EEFB2E-772B-424C-A379-7356E9F7EAB2}"
EndProject
Global
	GlobalSection(SolutionConfigurationPlatforms) = preSolution
		Debug|Any CPU = Debug|Any CPU
		Release|Any CPU = Release|Any CPU
	EndGlobalSection
	GlobalSection(ProjectConfigurationPlatforms) = postSolution
		{99EEFB2E-772B-424C-A379-7356E9F7EAB2}.Debug|Any CPU.ActiveCfg = Debug|Any CPU
		{99EEFB2E-772B-424C-A379-7356E9F7EAB2}.Debug|Any CPU.Build.0 = Debug|Any CPU
		{99EEFB2E-772B-424C-A379-7356E9F7EAB2}.Release|Any CPU.ActiveCfg = Release|Any CPU
		{99EEFB2E-772B-424C-A379-7356E9F7EAB2}.Release|Any CPU.Build.0 = Release|Any CPU
	EndGlobalSection
	GlobalSection(SolutionProperties) = preSolution
		HideSolutionNode = FALSE
	EndGlobalSection
	GlobalSection(ExtensibilityGlobals) = postSolution
		SolutionGuid = {7E25868D-05D4-4F83-B66A-1372D257E548}
	EndGlobalSection
EndGlobal
